Microsoft Visual Studio Solution File, Format Version 12.00
# Visual Studio Version 17
VisualStudioVersion = 17.5.2.0
MinimumVisualStudioVersion = 10.0.40219.1
Project("{FAE04EC0-301F-11D3-BF4B-00C04F79EFBC}") = "BlazorDragonBallApi", "BlazorDragonBallApi.csproj", "{8E1BFA28-438D-0963-D271-5AC003616A2B}"
EndProject
Global
	GlobalSection(SolutionConfigurationPlatforms) = preSolution
		Debug|Any CPU = Debug|Any CPU
		Release|Any CPU = Release|Any CPU
	EndGlobalSection
	GlobalSection(ProjectConfigurationPlatforms) = postSolution
		{8E1BFA28-438D-0963-D271-5AC003616A2B}.Debug|Any CPU.ActiveCfg = Debug|Any CPU
		{8E1BFA28-438D-0963-D271-5AC003616A2B}.Debug|Any CPU.Build.0 = Debug|Any CPU
		{8E1BFA28-438D-0963-D271-5AC003616A2B}.Release|Any CPU.ActiveCfg = Release|Any CPU
		{8E1BFA28-438D-0963-D271-5AC003616A2B}.Release|Any CPU.Build.0 = Release|Any CPU
	EndGlobalSection
	GlobalSection(SolutionProperties) = preSolution
		HideSolutionNode = FALSE
	EndGlobalSection
	GlobalSection(ExtensibilityGlobals) = postSolution
		SolutionGuid = {CB05FC59-A272-4E80-AB70-ABB2D1EEABB0}
	EndGlobalSection
EndGlobal
